
Microsoft Visual Studio Solution File, Format Version 12.00
# Visual Studio Version 16
VisualStudioVersion = 16.0.33423.256
MinimumVisualStudioVersion = 10.0.40219.1
Project("{FAE04EC0-301F-11D3-BF4B-00C04F79EFBC}") = "paypalTest", "paypalTest\paypalTest.csproj", "{A3B9F9A0-4B97-4DD5-996A-FC014E61CCB6}"
EndProject
Global
	GlobalSection(SolutionConfigurationPlatforms) = preSolution
		Debug|Any CPU = Debug|Any CPU
		Release|Any CPU = Release|Any CPU
	EndGlobalSection
	GlobalSection(ProjectConfigurationPlatforms) = postSolution
		{A3B9F9A0-4B97-4DD5-996A-FC014E61CCB6}.Debug|Any CPU.ActiveCfg = Debug|Any CPU
		{A3B9F9A0-4B97-4DD5-996A-FC014E61CCB6}.Debug|Any CPU.Build.0 = Debug|Any CPU
		{A3B9F9A0-4B97-4DD5-996A-FC014E61CCB6}.Release|Any CPU.ActiveCfg = Release|Any CPU
		{A3B9F9A0-4B97-4DD5-996A-FC014E61CCB6}.Release|Any CPU.Build.0 = Release|Any CPU
	EndGlobalSection
	GlobalSection(SolutionProperties) = preSolution
		HideSolutionNode = FALSE
	EndGlobalSection
	GlobalSection(ExtensibilityGlobals) = postSolution
		SolutionGuid = {524AF212-982F-41A7-8F4F-43DB1BEEEFA0}
	EndGlobalSection
EndGlobal
